
Microsoft Visual Studio Solution File, Format Version 12.00
# Visual Studio Version 16
VisualStudioVersion = 16.0.31911.196
MinimumVisualStudioVersion = 10.0.40219.1
Project("{FAE04EC0-301F-11D3-BF4B-00C04F79EFBC}") = "SwipeAndWatch", "SwipeAndWatch\SwipeAndWatch.csproj", "{D62798A5-3E78-4A28-A85B-5D388386DB56}"
EndProject
Global
	GlobalSection(SolutionConfigurationPlatforms) = preSolution
		Debug|Any CPU = Debug|Any CPU
		Release|Any CPU = Release|Any CPU
	EndGlobalSection
	GlobalSection(ProjectConfigurationPlatforms) = postSolution
		{D62798A5-3E78-4A28-A85B-5D388386DB56}.Debug|Any CPU.ActiveCfg = Debug|Any CPU
		{D62798A5-3E78-4A28-A85B-5D388386DB56}.Debug|Any CPU.Build.0 = Debug|Any CPU
		{D62798A5-3E78-4A28-A85B-5D388386DB56}.Release|Any CPU.ActiveCfg = Release|Any CPU
		{D62798A5-3E78-4A28-A85B-5D388386DB56}.Release|Any CPU.Build.0 = Release|Any CPU
	EndGlobalSection
	GlobalSection(SolutionProperties) = preSolution
		HideSolutionNode = FALSE
	EndGlobalSection
	GlobalSection(ExtensibilityGlobals) = postSolution
		SolutionGuid = {42B1C125-8E2C-4718-A8D0-D2F1F38624A4}
	EndGlobalSection
EndGlobal
